
Microsoft Visual Studio Solution File, Format Version 12.00
# Visual Studio Version 17
VisualStudioVersion = 17.3.32819.101
MinimumVisualStudioVersion = 10.0.40219.1
Project("{FAE04EC0-301F-11D3-BF4B-00C04F79EFBC}") = "TempOfSwitchProject", "TempOfSwitchProject\TempOfSwitchProject.csproj", "{80EDFAB9-6662-438F-A749-4B5E93FFE03D}"
EndProject
Global
	GlobalSection(SolutionConfigurationPlatforms) = preSolution
		Debug|Any CPU = Debug|Any CPU
		Release|Any CPU = Release|Any CPU
	EndGlobalSection
	GlobalSection(ProjectConfigurationPlatforms) = postSolution
		{80EDFAB9-6662-438F-A749-4B5E93FFE03D}.Debug|Any CPU.ActiveCfg = Debug|Any CPU
		{80EDFAB9-6662-438F-A749-4B5E93FFE03D}.Debug|Any CPU.Build.0 = Debug|Any CPU
		{80EDFAB9-6662-438F-A749-4B5E93FFE03D}.Release|Any CPU.ActiveCfg = Release|Any CPU
		{80EDFAB9-6662-438F-A749-4B5E93FFE03D}.Release|Any CPU.Build.0 = Release|Any CPU
	EndGlobalSection
	GlobalSection(SolutionProperties) = preSolution
		HideSolutionNode = FALSE
	EndGlobalSection
	GlobalSection(ExtensibilityGlobals) = postSolution
		SolutionGuid = {485F68FA-AB01-4B56-BC0B-5DC2C4A4FCC8}
	EndGlobalSection
EndGlobal
